
Microsoft Visual Studio Solution File, Format Version 12.00
# Visual Studio 2012
Project("{FAE04EC0-301F-11D3-BF4B-00C04F79EFBC}") = "LeaveApplication", "LeaveApplication\LeaveApplication.csproj", "{2ECBFEE5-B51A-4DD5-80BC-3CA7E03C23EA}"
EndProject
Project("{FAE04EC0-301F-11D3-BF4B-00C04F79EFBC}") = "TillidSPFramework", "..\TillidSPFramework\TillidSPFramework.csproj", "{7FC87089-AAD5-49B9-B079-CC6154CEBD11}"
EndProject
Global
	GlobalSection(SolutionConfigurationPlatforms) = preSolution
		Debug|Any CPU = Debug|Any CPU
		Release|Any CPU = Release|Any CPU
	EndGlobalSection
	GlobalSection(ProjectConfigurationPlatforms) = postSolution
		{2ECBFEE5-B51A-4DD5-80BC-3CA7E03C23EA}.Debug|Any CPU.ActiveCfg = Debug|Any CPU
		{2ECBFEE5-B51A-4DD5-80BC-3CA7E03C23EA}.Debug|Any CPU.Build.0 = Debug|Any CPU
		{2ECBFEE5-B51A-4DD5-80BC-3CA7E03C23EA}.Debug|Any CPU.Deploy.0 = Debug|Any CPU
		{2ECBFEE5-B51A-4DD5-80BC-3CA7E03C23EA}.Release|Any CPU.ActiveCfg = Release|Any CPU
		{2ECBFEE5-B51A-4DD5-80BC-3CA7E03C23EA}.Release|Any CPU.Build.0 = Release|Any CPU
		{2ECBFEE5-B51A-4DD5-80BC-3CA7E03C23EA}.Release|Any CPU.Deploy.0 = Release|Any CPU
		{7FC87089-AAD5-49B9-B079-CC6154CEBD11}.Debug|Any CPU.ActiveCfg = Debug|Any CPU
		{7FC87089-AAD5-49B9-B079-CC6154CEBD11}.Debug|Any CPU.Build.0 = Debug|Any CPU
		{7FC87089-AAD5-49B9-B079-CC6154CEBD11}.Debug|Any CPU.Deploy.0 = Debug|Any CPU
		{7FC87089-AAD5-49B9-B079-CC6154CEBD11}.Release|Any CPU.ActiveCfg = Release|Any CPU
		{7FC87089-AAD5-49B9-B079-CC6154CEBD11}.Release|Any CPU.Build.0 = Release|Any CPU
		{7FC87089-AAD5-49B9-B079-CC6154CEBD11}.Release|Any CPU.Deploy.0 = Release|Any CPU
	EndGlobalSection
	GlobalSection(SolutionProperties) = preSolution
		HideSolutionNode = FALSE
	EndGlobalSection
EndGlobal
